
Microsoft Visual Studio Solution File, Format Version 12.00
# Visual Studio Version 17
VisualStudioVersion = 17.3.32901.215
MinimumVisualStudioVersion = 10.0.40219.1
Project("{FAE04EC0-301F-11D3-BF4B-00C04F79EFBC}") = "Login_Web_Page", "WebApplication2\Login_Web_Page.csproj", "{EC57D015-0C7F-4BB6-B40A-04C60DF5CCFE}"
EndProject
Global
	GlobalSection(SolutionConfigurationPlatforms) = preSolution
		Debug|Any CPU = Debug|Any CPU
		Release|Any CPU = Release|Any CPU
	EndGlobalSection
	GlobalSection(ProjectConfigurationPlatforms) = postSolution
		{EC57D015-0C7F-4BB6-B40A-04C60DF5CCFE}.Debug|Any CPU.ActiveCfg = Debug|Any CPU
		{EC57D015-0C7F-4BB6-B40A-04C60DF5CCFE}.Debug|Any CPU.Build.0 = Debug|Any CPU
		{EC57D015-0C7F-4BB6-B40A-04C60DF5CCFE}.Release|Any CPU.ActiveCfg = Release|Any CPU
		{EC57D015-0C7F-4BB6-B40A-04C60DF5CCFE}.Release|Any CPU.Build.0 = Release|Any CPU
	EndGlobalSection
	GlobalSection(SolutionProperties) = preSolution
		HideSolutionNode = FALSE
	EndGlobalSection
	GlobalSection(ExtensibilityGlobals) = postSolution
		SolutionGuid = {01F732CB-2F55-42AC-A161-478B2FB010C7}
	EndGlobalSection
EndGlobal
